// !$*UTF8*$!
{
	archiveVersion = 1;
	classes = {
	};
	objectVersion = 55;
	objects = {

/* Begin PBXBuildFile section */
		4D20BF1A291AF4DC008C39D4 /* AppDelegate.m in Sources */ = {isa = PBXBuildFile; fileRef = 4D20BF19291AF4DC008C39D4 /* AppDelegate.m */; };
		4D20BF1D291AF4DC008C39D4 /* SceneDelegate.m in Sources */ = {isa = PBXBuildFile; fileRef = 4D20BF1C291AF4DC008C39D4 /* SceneDelegate.m */; };
		4D20BF20291AF4DC008C39D4 /* ViewController.m in Sources */ = {isa = PBXBuildFile; fileRef = 4D20BF1F291AF4DC008C39D4 /* ViewController.m */; };
		4D20BF23291AF4DC008C39D4 /* Main.storyboard in Resources */ = {isa = PBXBuildFile; fileRef = 4D20BF21291AF4DC008C39D4 /* Main.storyboard */; };
		4D20BF25291AF4DE008C39D4 /* Assets.xcassets in Resources */ = {isa = PBXBuildFile; fileRef = 4D20BF24291AF4DE008C39D4 /* Assets.xcassets */; };
		4D20BF28291AF4DF008C39D4 /* LaunchScreen.storyboard in Resources */ = {isa = PBXBuildFile; fileRef = 4D20BF26291AF4DF008C39D4 /* LaunchScreen.storyboard */; };
		4D20BF2B291AF4DF008C39D4 /* main.m in Sources */ = {isa = PBXBuildFile; fileRef = 4D20BF2A291AF4DF008C39D4 /* main.m */; };
		4D20BF38291AF816008C39D4 /* NetworkManager.m in Sources */ = {isa = PBXBuildFile; fileRef = 4D20BF37291AF816008C39D4 /* NetworkManager.m */; };
		4D20BF3C291AFA0A008C39D4 /* Movies.m in Sources */ = {isa = PBXBuildFile; fileRef = 4D20BF3B291AFA0A008C39D4 /* Movies.m */; };
		4D20BF40291AFB02008C39D4 /* HomeViewController.m in Sources */ = {isa = PBXBuildFile; fileRef = 4D20BF3F291AFB02008C39D4 /* HomeViewController.m */; };
		4D20BF44291B00D7008C39D4 /* DetailsViewController.m in Sources */ = {isa = PBXBuildFile; fileRef = 4D20BF43291B00D7008C39D4 /* DetailsViewController.m */; };
/* End PBXBuildFile section */

/* Begin PBXFileReference section */
		4D20BF15291AF4DB008C39D4 /* MoviesApp.app */ = {isa = PBXFileReference; explicitFileType = wrapper.application; includeInIndex = 0; path = MoviesApp.app; sourceTree = BUILT_PRODUCTS_DIR; };
		4D20BF18291AF4DB008C39D4 /* AppDelegate.h */ = {isa = PBXFileReference; lastKnownFileType = sourcecode.c.h; path = AppDelegate.h; sourceTree = "<group>"; };
		4D20BF19291AF4DC008C39D4 /* AppDelegate.m */ = {isa = PBXFileReference; lastKnownFileType = sourcecode.c.objc; path = AppDelegate.m; sourceTree = "<group>"; };
		4D20BF1B291AF4DC008C39D4 /* SceneDelegate.h */ = {isa = PBXFileReference; lastKnownFileType = sourcecode.c.h; path = SceneDelegate.h; sourceTree = "<group>"; };
		4D20BF1C291AF4DC008C39D4 /* SceneDelegate.m */ = {isa = PBXFileReference; lastKnownFileType = sourcecode.c.objc; path = SceneDelegate.m; sourceTree = "<group>"; };
		4D20BF1E291AF4DC008C39D4 /* ViewController.h */ = {isa = PBXFileReference; lastKnownFileType = sourcecode.c.h; path = ViewController.h; sourceTree = "<group>"; };
		4D20BF1F291AF4DC008C39D4 /* ViewController.m */ = {isa = PBXFileReference; lastKnownFileType = sourcecode.c.objc; path = ViewController.m; sourceTree = "<group>"; };
		4D20BF22291AF4DC008C39D4 /* Base */ = {isa = PBXFileReference; lastKnownFileType = file.storyboard; name = Base; path = Base.lproj/Main.storyboard; sourceTree = "<group>"; };
		4D20BF24291AF4DE008C39D4 /* Assets.xcassets */ = {isa = PBXFileReference; lastKnownFileType = folder.assetcatalog; path = Assets.xcassets; sourceTree = "<group>"; };
		4D20BF27291AF4DF008C39D4 /* Base */ = {isa = PBXFileReference; lastKnownFileType = file.storyboard; name = Base; path = Base.lproj/LaunchScreen.storyboard; sourceTree = "<group>"; };
		4D20BF29291AF4DF008C39D4 /* Info.plist */ = {isa = PBXFileReference; lastKnownFileType = text.plist.xml; path = Info.plist; sourceTree = "<group>"; };
		4D20BF2A291AF4DF008C39D4 /* main.m */ = {isa = PBXFileReference; lastKnownFileType = sourcecode.c.objc; path = main.m; sourceTree = "<group>"; };
		4D20BF36291AF816008C39D4 /* NetworkManager.h */ = {isa = PBXFileReference; lastKnownFileType = sourcecode.c.h; path = NetworkManager.h; sourceTree = "<group>"; };
		4D20BF37291AF816008C39D4 /* NetworkManager.m */ = {isa = PBXFileReference; lastKnownFileType = sourcecode.c.objc; path = NetworkManager.m; sourceTree = "<group>"; };
		4D20BF3A291AFA0A008C39D4 /* Movies.h */ = {isa = PBXFileReference; lastKnownFileType = sourcecode.c.h; path = Movies.h; sourceTree = "<group>"; };
		4D20BF3B291AFA0A008C39D4 /* Movies.m */ = {isa = PBXFileReference; lastKnownFileType = sourcecode.c.objc; path = Movies.m; sourceTree = "<group>"; };
		4D20BF3E291AFB02008C39D4 /* HomeViewController.h */ = {isa = PBXFileReference; lastKnownFileType = sourcecode.c.h; path = HomeViewController.h; sourceTree = "<group>"; };
		4D20BF3F291AFB02008C39D4 /* HomeViewController.m */ = {isa = PBXFileReference; lastKnownFileType = sourcecode.c.objc; path = HomeViewController.m; sourceTree = "<group>"; };
		4D20BF42291B00D7008C39D4 /* DetailsViewController.h */ = {isa = PBXFileReference; lastKnownFileType = sourcecode.c.h; path = DetailsViewController.h; sourceTree = "<group>"; };
		4D20BF43291B00D7008C39D4 /* DetailsViewController.m */ = {isa = PBXFileReference; lastKnownFileType = sourcecode.c.objc; path = DetailsViewController.m; sourceTree = "<group>"; };
/* End PBXFileReference section */

/* Begin PBXFrameworksBuildPhase section */
		4D20BF12291AF4DB008C39D4 /* Frameworks */ = {
			isa = PBXFrameworksBuildPhase;
			buildActionMask = 2147483647;
			files = (
			);
			runOnlyForDeploymentPostprocessing = 0;
		};
/* End PBXFrameworksBuildPhase section */

/* Begin PBXGroup section */
		4D20BF0C291AF4DB008C39D4 = {
			isa = PBXGroup;
			children = (
				4D20BF17291AF4DB008C39D4 /* MoviesApp */,
				4D20BF16291AF4DB008C39D4 /* Products */,
			);
			sourceTree = "<group>";
		};
		4D20BF16291AF4DB008C39D4 /* Products */ = {
			isa = PBXGroup;
			children = (
				4D20BF15291AF4DB008C39D4 /* MoviesApp.app */,
			);
			name = Products;
			sourceTree = "<group>";
		};
		4D20BF17291AF4DB008C39D4 /* MoviesApp */ = {
			isa = PBXGroup;
			children = (
				4D20BF41291B00BB008C39D4 /* Details */,
				4D20BF3D291AFAE5008C39D4 /* Home */,
				4D20BF39291AF9EF008C39D4 /* Models */,
				4D20BF31291AF6C9008C39D4 /* Services */,
				4D20BF26291AF4DF008C39D4 /* LaunchScreen.storyboard */,
				4D20BF21291AF4DC008C39D4 /* Main.storyboard */,
				4D20BF24291AF4DE008C39D4 /* Assets.xcassets */,
				4D20BF29291AF4DF008C39D4 /* Info.plist */,
				4D20BF2A291AF4DF008C39D4 /* main.m */,
				4D20BF18291AF4DB008C39D4 /* AppDelegate.h */,
				4D20BF19291AF4DC008C39D4 /* AppDelegate.m */,
				4D20BF1B291AF4DC008C39D4 /* SceneDelegate.h */,
				4D20BF1C291AF4DC008C39D4 /* SceneDelegate.m */,
				4D20BF1E291AF4DC008C39D4 /* ViewController.h */,
				4D20BF1F291AF4DC008C39D4 /* ViewController.m */,
			);
			path = MoviesApp;
			sourceTree = "<group>";
		};
		4D20BF31291AF6C9008C39D4 /* Services */ = {
			isa = PBXGroup;
			children = (
				4D20BF32291AF6D2008C39D4 /* Networking */,
			);
			path = Services;
			sourceTree = "<group>";
		};
		4D20BF32291AF6D2008C39D4 /* Networking */ = {
			isa = PBXGroup;
			children = (
				4D20BF36291AF816008C39D4 /* NetworkManager.h */,
				4D20BF37291AF816008C39D4 /* NetworkManager.m */,
			);
			path = Networking;
			sourceTree = "<group>";
		};
		4D20BF39291AF9EF008C39D4 /* Models */ = {
			isa = PBXGroup;
			children = (
				4D20BF3A291AFA0A008C39D4 /* Movies.h */,
				4D20BF3B291AFA0A008C39D4 /* Movies.m */,
			);
			path = Models;
			sourceTree = "<group>";
		};
		4D20BF3D291AFAE5008C39D4 /* Home */ = {
			isa = PBXGroup;
			children = (
				4D20BF3E291AFB02008C39D4 /* HomeViewController.h */,
				4D20BF3F291AFB02008C39D4 /* HomeViewController.m */,
			);
			path = Home;
			sourceTree = "<group>";
		};
		4D20BF41291B00BB008C39D4 /* Details */ = {
			isa = PBXGroup;
			children = (
				4D20BF42291B00D7008C39D4 /* DetailsViewController.h */,
				4D20BF43291B00D7008C39D4 /* DetailsViewController.m */,
			);
			path = Details;
			sourceTree = "<group>";
		};
/* End PBXGroup section */

/* Begin PBXNativeTarget section */
		4D20BF14291AF4DB008C39D4 /* MoviesApp */ = {
			isa = PBXNativeTarget;
			buildConfigurationList = 4D20BF2E291AF4DF008C39D4 /* Build configuration list for PBXNativeTarget "MoviesApp" */;
			buildPhases = (
				4D20BF11291AF4DB008C39D4 /* Sources */,
				4D20BF12291AF4DB008C39D4 /* Frameworks */,
				4D20BF13291AF4DB008C39D4 /* Resources */,
			);
			buildRules = (
			);
			dependencies = (
			);
			name = MoviesApp;
			productName = MoviesApp;
			productReference = 4D20BF15291AF4DB008C39D4 /* MoviesApp.app */;
			productType = "com.apple.product-type.application";
		};
/* End PBXNativeTarget section */

/* Begin PBXProject section */
		4D20BF0D291AF4DB008C39D4 /* Project object */ = {
			isa = PBXProject;
			attributes = {
				BuildIndependentTargetsInParallel = 1;
				LastUpgradeCheck = 1340;
				TargetAttributes = {
					4D20BF14291AF4DB008C39D4 = {
						CreatedOnToolsVersion = 13.4;
					};
				};
			};
			buildConfigurationList = 4D20BF10291AF4DB008C39D4 /* Build configuration list for PBXProject "MoviesApp" */;
			compatibilityVersion = "Xcode 13.0";
			developmentRegion = en;
			hasScannedForEncodings = 0;
			knownRegions = (
				en,
				Base,
			);
			mainGroup = 4D20BF0C291AF4DB008C39D4;
			productRefGroup = 4D20BF16291AF4DB008C39D4 /* Products */;
			projectDirPath = "";
			projectRoot = "";
			targets = (
				4D20BF14291AF4DB008C39D4 /* MoviesApp */,
			);
		};
/* End PBXProject section */

/* Begin PBXResourcesBuildPhase section */
		4D20BF13291AF4DB008C39D4 /* Resources */ = {
			isa = PBXResourcesBuildPhase;
			buildActionMask = 2147483647;
			files = (
				4D20BF28291AF4DF008C39D4 /* LaunchScreen.storyboard in Resources */,
				4D20BF25291AF4DE008C39D4 /* Assets.xcassets in Resources */,
				4D20BF23291AF4DC008C39D4 /* Main.storyboard in Resources */,
			);
			runOnlyForDeploymentPostprocessing = 0;
		};
/* End PBXResourcesBuildPhase section */

/* Begin PBXSourcesBuildPhase section */
		4D20BF11291AF4DB008C39D4 /* Sources */ = {
			isa = PBXSourcesBuildPhase;
			buildActionMask = 2147483647;
			files = (
				4D20BF3C291AFA0A008C39D4 /* Movies.m in Sources */,
				4D20BF20291AF4DC008C39D4 /* ViewController.m in Sources */,
				4D20BF1A291AF4DC008C39D4 /* AppDelegate.m in Sources */,
				4D20BF2B291AF4DF008C39D4 /* main.m in Sources */,
				4D20BF38291AF816008C39D4 /* NetworkManager.m in Sources */,
				4D20BF40291AFB02008C39D4 /* HomeViewController.m in Sources */,
				4D20BF1D291AF4DC008C39D4 /* SceneDelegate.m in Sources */,
				4D20BF44291B00D7008C39D4 /* DetailsViewController.m in Sources */,
			);
			runOnlyForDeploymentPostprocessing = 0;
		};
/* End PBXSourcesBuildPhase section */

/* Begin PBXVariantGroup section */
		4D20BF21291AF4DC008C39D4 /* Main.storyboard */ = {
			isa = PBXVariantGroup;
			children = (
				4D20BF22291AF4DC008C39D4 /* Base */,
			);
			name = Main.storyboard;
			sourceTree = "<group>";
		};
		4D20BF26291AF4DF008C39D4 /* LaunchScreen.storyboard */ = {
			isa = PBXVariantGroup;
			children = (
				4D20BF27291AF4DF008C39D4 /* Base */,
			);
			name = LaunchScreen.storyboard;
			sourceTree = "<group>";
		};
/* End PBXVariantGroup section */

/* Begin XCBuildConfiguration section */
		4D20BF2C291AF4DF008C39D4 /* Debug */ = {
			isa = XCBuildConfiguration;
			buildSettings = {
				ALWAYS_SEARCH_USER_PATHS = NO;
				CLANG_ANALYZER_NONNULL = YES;
				CLANG_ANALYZER_NUMBER_OBJECT_CONVERSION = YES_AGGRESSIVE;
				CLANG_CXX_LANGUAGE_STANDARD = "gnu++17";
				CLANG_ENABLE_MODULES = YES;
				CLANG_ENABLE_OBJC_ARC = YES;
				CLANG_ENABLE_OBJC_WEAK = YES;
				CLANG_WARN_BLOCK_CAPTURE_AUTORELEASING = YES;
				CLANG_WARN_BOOL_CONVERSION = YES;
				CLANG_WARN_COMMA = YES;
				CLANG_WARN_CONSTANT_CONVERSION = YES;
				CLANG_WARN_DEPRECATED_OBJC_IMPLEMENTATIONS = YES;
				CLANG_WARN_DIRECT_OBJC_ISA_USAGE = YES_ERROR;
				CLANG_WARN_DOCUMENTATION_COMMENTS = YES;
				CLANG_WARN_EMPTY_BODY = YES;
				CLANG_WARN_ENUM_CONVERSION = YES;
				CLANG_WARN_INFINITE_RECURSION = YES;
				CLANG_WARN_INT_CONVERSION = YES;
				CLANG_WARN_NON_LITERAL_NULL_CONVERSION = YES;
				CLANG_WARN_OBJC_IMPLICIT_RETAIN_SELF = YES;
				CLANG_WARN_OBJC_LITERAL_CONVERSION = YES;
				CLANG_WARN_OBJC_ROOT_CLASS = YES_ERROR;
				CLANG_WARN_QUOTED_INCLUDE_IN_FRAMEWORK_HEADER = YES;
				CLANG_WARN_RANGE_LOOP_ANALYSIS = YES;
				CLANG_WARN_STRICT_PROTOTYPES = YES;
				CLANG_WARN_SUSPICIOUS_MOVE = YES;
				CLANG_WARN_UNGUARDED_AVAILABILITY = YES_AGGRESSIVE;
				CLANG_WARN_UNREACHABLE_CODE = YES;
				CLANG_WARN__DUPLICATE_METHOD_MATCH = YES;
				COPY_PHASE_STRIP = NO;
				DEBUG_INFORMATION_FORMAT = dwarf;
				ENABLE_STRICT_OBJC_MSGSEND = YES;
				ENABLE_TESTABILITY = YES;
				GCC_C_LANGUAGE_STANDARD = gnu11;
				GCC_DYNAMIC_NO_PIC = NO;
				GCC_NO_COMMON_BLOCKS = YES;
				GCC_OPTIMIZATION_LEVEL = 0;
				GCC_PREPROCESSOR_DEFINITIONS = (
					"DEBUG=1",
					"$(inherited)",
				);
				GCC_WARN_64_TO_32_BIT_CONVERSION = YES;
				GCC_WARN_ABOUT_RETURN_TYPE = YES_ERROR;
				GCC_WARN_UNDECLARED_SELECTOR = YES;
				GCC_WARN_UNINITIALIZED_AUTOS = YES_AGGRESSIVE;
				GCC_WARN_UNUSED_FUNCTION = YES;
				GCC_WARN_UNUSED_VARIABLE = YES;
				IPHONEOS_DEPLOYMENT_TARGET = 15.5;
				MTL_ENABLE_DEBUG_INFO = INCLUDE_SOURCE;
				MTL_FAST_MATH = YES;
				ONLY_ACTIVE_ARCH = YES;
				SDKROOT = iphoneos;
			};
			name = Debug;
		};
		4D20BF2D291AF4DF008C39D4 /* Release */ = {
			isa = XCBuildConfiguration;
			buildSettings = {
				ALWAYS_SEARCH_USER_PATHS = NO;
				CLANG_ANALYZER_NONNULL = YES;
				CLANG_ANALYZER_NUMBER_OBJECT_CONVERSION = YES_AGGRESSIVE;
				CLANG_CXX_LANGUAGE_STANDARD = "gnu++17";
				CLANG_ENABLE_MODULES = YES;
				CLANG_ENABLE_OBJC_ARC = YES;
				CLANG_ENABLE_OBJC_WEAK = YES;
				CLANG_WARN_BLOCK_CAPTURE_AUTORELEASING = YES;
				CLANG_WARN_BOOL_CONVERSION = YES;
				CLANG_WARN_COMMA = YES;
				CLANG_WARN_CONSTANT_CONVERSION = YES;
				CLANG_WARN_DEPRECATED_OBJC_IMPLEMENTATIONS = YES;
				CLANG_WARN_DIRECT_OBJC_ISA_USAGE = YES_ERROR;
				CLANG_WARN_DOCUMENTATION_COMMENTS = YES;
				CLANG_WARN_EMPTY_BODY = YES;
				CLANG_WARN_ENUM_CONVERSION = YES;
				CLANG_WARN_INFINITE_RECURSION = YES;
				CLANG_WARN_INT_CONVERSION = YES;
				CLANG_WARN_NON_LITERAL_NULL_CONVERSION = YES;
				CLANG_WARN_OBJC_IMPLICIT_RETAIN_SELF = YES;
				CLANG_WARN_OBJC_LITERAL_CONVERSION = YES;
				CLANG_WARN_OBJC_ROOT_CLASS = YES_ERROR;
				CLANG_WARN_QUOTED_INCLUDE_IN_FRAMEWORK_HEADER = YES;
				CLANG_WARN_RANGE_LOOP_ANALYSIS = YES;
				CLANG_WARN_STRICT_PROTOTYPES = YES;
				CLANG_WARN_SUSPICIOUS_MOVE = YES;
				CLANG_WARN_UNGUARDED_AVAILABILITY = YES_AGGRESSIVE;
				CLANG_WARN_UNREACHABLE_CODE = YES;
				CLANG_WARN__DUPLICATE_METHOD_MATCH = YES;
				COPY_PHASE_STRIP = NO;
				DEBUG_INFORMATION_FORMAT = "dwarf-with-dsym";
				ENABLE_NS_ASSERTIONS = NO;
				ENABLE_STRICT_OBJC_MSGSEND = YES;
				GCC_C_LANGUAGE_STANDARD = gnu11;
				GCC_NO_COMMON_BLOCKS = YES;
				GCC_WARN_64_TO_32_BIT_CONVERSION = YES;
				GCC_WARN_ABOUT_RETURN_TYPE = YES_ERROR;
				GCC_WARN_UNDECLARED_SELECTOR = YES;
				GCC_WARN_UNINITIALIZED_AUTOS = YES_AGGRESSIVE;
				GCC_WARN_UNUSED_FUNCTION = YES;
				GCC_WARN_UNUSED_VARIABLE = YES;
				IPHONEOS_DEPLOYMENT_TARGET = 15.5;
				MTL_ENABLE_DEBUG_INFO = NO;
				MTL_FAST_MATH = YES;
				SDKROOT = iphoneos;
				VALIDATE_PRODUCT = YES;
			};
			name = Release;
		};
		4D20BF2F291AF4DF008C39D4 /* Debug */ = {
			isa = XCBuildConfiguration;
			buildSettings = {
				ASSETCATALOG_COMPILER_APPICON_NAME = AppIcon;
				ASSETCATALOG_COMPILER_GLOBAL_ACCENT_COLOR_NAME = AccentColor;
				CODE_SIGN_STYLE = Automatic;
				CURRENT_PROJECT_VERSION = 1;
				DEVELOPMENT_TEAM = U6Z2MCMJT7;
				GENERATE_INFOPLIST_FILE = YES;
				INFOPLIST_FILE = MoviesApp/Info.plist;
				INFOPLIST_KEY_UIApplicationSupportsIndirectInputEvents = YES;
				INFOPLIST_KEY_UILaunchStoryboardName = LaunchScreen;
				INFOPLIST_KEY_UIMainStoryboardFile = Main;
				INFOPLIST_KEY_UISupportedInterfaceOrientations_iPad = "UIInterfaceOrientationPortrait UIInterfaceOrientationPortraitUpsideDown UIInterfaceOrientationLandscapeLeft UIInterfaceOrientationLandscapeRight";
				INFOPLIST_KEY_UISupportedInterfaceOrientations_iPhone = "UIInterfaceOrientationPortrait UIInterfaceOrientationLandscapeLeft UIInterfaceOrientationLandscapeRight";
				LD_RUNPATH_SEARCH_PATHS = (
					"$(inherited)",
					"@executable_path/Frameworks",
				);
				MARKETING_VERSION = 1.0;
				PRODUCT_BUNDLE_IDENTIFIER = com.learning.MoviesApp;
				PRODUCT_NAME = "$(TARGET_NAME)";
				SWIFT_EMIT_LOC_STRINGS = YES;
				TARGETED_DEVICE_FAMILY = "1,2";
			};
			name = Debug;
		};
		4D20BF30291AF4DF008C39D4 /* Release */ = {
			isa = XCBuildConfiguration;
			buildSettings = {
				ASSETCATALOG_COMPILER_APPICON_NAME = AppIcon;
				ASSETCATALOG_COMPILER_GLOBAL_ACCENT_COLOR_NAME = AccentColor;
				CODE_SIGN_STYLE = Automatic;
				CURRENT_PROJECT_VERSION = 1;
				DEVELOPMENT_TEAM = U6Z2MCMJT7;
				GENERATE_INFOPLIST_FILE = YES;
				INFOPLIST_FILE = MoviesApp/Info.plist;
				INFOPLIST_KEY_UIApplicationSupportsIndirectInputEvents = YES;
				INFOPLIST_KEY_UILaunchStoryboardName = LaunchScreen;
				INFOPLIST_KEY_UIMainStoryboardFile = Main;
				INFOPLIST_KEY_UISupportedInterfaceOrientations_iPad = "UIInterfaceOrientationPortrait UIInterfaceOrientationPortraitUpsideDown UIInterfaceOrientationLandscapeLeft UIInterfaceOrientationLandscapeRight";
				INFOPLIST_KEY_UISupportedInterfaceOrientations_iPhone = "UIInterfaceOrientationPortrait UIInterfaceOrientationLandscapeLeft UIInterfaceOrientationLandscapeRight";
				LD_RUNPATH_SEARCH_PATHS = (
					"$(inherited)",
					"@executable_path/Frameworks",
				);
				MARKETING_VERSION = 1.0;
				PRODUCT_BUNDLE_IDENTIFIER = com.learning.MoviesApp;
				PRODUCT_NAME = "$(TARGET_NAME)";
				SWIFT_EMIT_LOC_STRINGS = YES;
				TARGETED_DEVICE_FAMILY = "1,2";
			};
			name = Release;
		};
/* End XCBuildConfiguration section */

/* Begin XCConfigurationList section */
		4D20BF10291AF4DB008C39D4 /* Build configuration list for PBXProject "MoviesApp" */ = {
			isa = XCConfigurationList;
			buildConfigurations = (
				4D20BF2C291AF4DF008C39D4 /* Debug */,
				4D20BF2D291AF4DF008C39D4 /* Release */,
			);
			defaultConfigurationIsVisible = 0;
			defaultConfigurationName = Release;
		};
		4D20BF2E291AF4DF008C39D4 /* Build configuration list for PBXNativeTarget "MoviesApp" */ = {
			isa = XCConfigurationList;
			buildConfigurations = (
				4D20BF2F291AF4DF008C39D4 /* Debug */,
				4D20BF30291AF4DF008C39D4 /* Release */,
			);
			defaultConfigurationIsVisible = 0;
			defaultConfigurationName = Release;
		};
/* End XCConfigurationList section */
	};
	rootObject = 4D20BF0D291AF4DB008C39D4 /* Project object */;
}
